<?xml version="1.0" encoding="utf-8"?>
<Project ToolsVersion="4.0" xmlns="http://schemas.microsoft.com/developer/msbuild/2003">
  <ItemGroup>
    <Filter Include="Resource Files">
      <UniqueIdentifier>{67DA6AB6-F800-4c08-8B7A-83BB121AAD01}</UniqueIdentifier>
      <Extensions>rc;ico;cur;bmp;dlg;rc2;rct;bin;rgs;gif;jpg;jpeg;jpe;resx;tiff;tif;png;wav;mfcribbon-ms</Extensions>
    </Filter>
    <Filter Include="Source">
      <UniqueIdentifier>{90aae9a5-c8d1-4ec2-9bdb-cfa95cf97dd2}</UniqueIdentifier>
    </Filter>
    <Filter Include="Source\PSX">
      <UniqueIdentifier>{6d04d836-0dbb-43cd-8e6b-120bee4492b1}</UniqueIdentifier>
    </Filter>
    <Filter Include="Source\Tests">
      <UniqueIdentifier>{3281c4c9-afa4-468f-baa5-c17c980b59b5}</UniqueIdentifier>
    </Filter>
    <Filter Include="Source\Collections">
      <UniqueIdentifier>{7f7ad9bb-1994-40d9-a0fc-db50ae0e3e3c}</UniqueIdentifier>
    </Filter>
  </ItemGroup>
  <ItemGroup>
    <ClCompile Include="PSX\Serial.cpp">
      <Filter>Source\PSX</Filter>
    </ClCompile>
    <ClCompile Include="PSX\PlaystationController.cpp">
      <Filter>Source\PSX</Filter>
    </ClCompile>
    <ClCompile Include="PSX\XboxController.cpp">
      <Filter>Source\PSX</Filter>
    </ClCompile>
    <ClCompile Include="Collections\collectionTest.cpp">
      <Filter>Source\Collections</Filter>
    </ClCompile>
  </ItemGroup>
  <ItemGroup>
    <ClInclude Include="PSX\Serial.h">
      <Filter>Source\PSX</Filter>
    </ClInclude>
    <ClInclude Include="PSX\PlaystationController.h">
      <Filter>Source\PSX</Filter>
    </ClInclude>
    <ClInclude Include="PSX\XboxController.h">
      <Filter>Source\PSX</Filter>
    </ClInclude>
    <ClInclude Include="Collections\ModBuffer.h">
      <Filter>Source\Collections</Filter>
    </ClInclude>
    <ClInclude Include="Collections\RunningStats.h">
      <Filter>Source\Collections</Filter>
    </ClInclude>
    <ClInclude Include="Collections\WindowedStats.h">
      <Filter>Source\Collections</Filter>
    </ClInclude>
    <ClInclude Include="Collections\FirFilter.h">
      <Filter>Source\Collections</Filter>
    </ClInclude>
    <ClInclude Include="Collections\Heap.h">
      <Filter>Source\Collections</Filter>
    </ClInclude>
    <ClInclude Include="Collections\List.h">
      <Filter>Source\Collections</Filter>
    </ClInclude>
  </ItemGroup>
</Project>