<?xml version="1.0" encoding="utf-8"?>
<Project ToolsVersion="4.0" xmlns="http://schemas.microsoft.com/developer/msbuild/2003">
  <ItemGroup>
    <Filter Include="Resource Files">
      <UniqueIdentifier>{67DA6AB6-F800-4c08-8B7A-83BB121AAD01}</UniqueIdentifier>
      <Extensions>rc;ico;cur;bmp;dlg;rc2;rct;bin;rgs;gif;jpg;jpeg;jpe;resx;tiff;tif;png;wav;mfcribbon-ms</Extensions>
    </Filter>
    <Filter Include="Source">
      <UniqueIdentifier>{90aae9a5-c8d1-4ec2-9bdb-cfa95cf97dd2}</UniqueIdentifier>
    </Filter>
    <Filter Include="Source\PSX">
      <UniqueIdentifier>{6d04d836-0dbb-43cd-8e6b-120bee4492b1}</UniqueIdentifier>
    </Filter>
    <Filter Include="Source\Tests">
      <UniqueIdentifier>{3281c4c9-afa4-468f-baa5-c17c980b59b5}</UniqueIdentifier>
    </Filter>
    <Filter Include="Source\Collections">
      <UniqueIdentifier>{7f7ad9bb-1994-40d9-a0fc-db50ae0e3e3c}</UniqueIdentifier>
    </Filter>
    <Filter Include="Source\Task">
      <UniqueIdentifier>{2e72c028-de50-4acf-8215-8d0a24d911ce}</UniqueIdentifier>
    </Filter>
    <Filter Include="Source\Util">
      <UniqueIdentifier>{3b8107d3-cdf7-479b-961e-76514f7a4f46}</UniqueIdentifier>
    </Filter>
    <Filter Include="Source\Math">
      <UniqueIdentifier>{c4571e73-d0c0-4e74-b99a-45d5da8cbb4f}</UniqueIdentifier>
    </Filter>
  </ItemGroup>
  <ItemGroup>
    <ClCompile Include="PSX\Serial.cpp">
      <Filter>Source\PSX</Filter>
    </ClCompile>
    <ClCompile Include="PSX\PlaystationController.cpp">
      <Filter>Source\PSX</Filter>
    </ClCompile>
    <ClCompile Include="PSX\XboxController.cpp">
      <Filter>Source\PSX</Filter>
    </ClCompile>
    <ClCompile Include="Util\ScreenGrabber.cpp">
      <Filter>Source\Util</Filter>
    </ClCompile>
    <ClCompile Include="Math\GlobalMath.cpp">
      <Filter>Source\Math</Filter>
    </ClCompile>
  </ItemGroup>
  <ItemGroup>
    <ClInclude Include="PSX\Serial.h">
      <Filter>Source\PSX</Filter>
    </ClInclude>
    <ClInclude Include="PSX\PlaystationController.h">
      <Filter>Source\PSX</Filter>
    </ClInclude>
    <ClInclude Include="PSX\XboxController.h">
      <Filter>Source\PSX</Filter>
    </ClInclude>
    <ClInclude Include="Collections\ModBuffer.h">
      <Filter>Source\Collections</Filter>
    </ClInclude>
    <ClInclude Include="Collections\RunningStats.h">
      <Filter>Source\Collections</Filter>
    </ClInclude>
    <ClInclude Include="Collections\WindowedStats.h">
      <Filter>Source\Collections</Filter>
    </ClInclude>
    <ClInclude Include="Collections\FirFilter.h">
      <Filter>Source\Collections</Filter>
    </ClInclude>
    <ClInclude Include="Collections\Heap.h">
      <Filter>Source\Collections</Filter>
    </ClInclude>
    <ClInclude Include="Collections\List.h">
      <Filter>Source\Collections</Filter>
    </ClInclude>
    <ClInclude Include="Task\Job.h">
      <Filter>Source\Task</Filter>
    </ClInclude>
    <ClInclude Include="Task\Scheduler.h">
      <Filter>Source\Task</Filter>
    </ClInclude>
    <ClInclude Include="Collections\IirFilter.h">
      <Filter>Source\Collections</Filter>
    </ClInclude>
    <ClInclude Include="Util\ScreenGrabber.h">
      <Filter>Source\Util</Filter>
    </ClInclude>
    <ClInclude Include="Math\GlobalMath.h">
      <Filter>Source\Math</Filter>
    </ClInclude>
    <ClInclude Include="Math\InvertibleFunction.h">
      <Filter>Source\Math</Filter>
    </ClInclude>
  </ItemGroup>
</Project>